
Microsoft Visual Studio Solution File, Format Version 12.00
# Visual Studio Version 17
VisualStudioVersion = 17.9.34728.123
MinimumVisualStudioVersion = 10.0.40219.1
Project("{FAE04EC0-301F-11D3-BF4B-00C04F79EFBC}") = "RENT_A_TOOL", "RENT_A_TOOL.csproj", "{40D27E8B-8EC7-4A9F-BE8A-B45D5B4F32D6}"
EndProject
Global
	GlobalSection(SolutionConfigurationPlatforms) = preSolution
		Debug|Any CPU = Debug|Any CPU
		Release|Any CPU = Release|Any CPU
	EndGlobalSection
	GlobalSection(ProjectConfigurationPlatforms) = postSolution
		{40D27E8B-8EC7-4A9F-BE8A-B45D5B4F32D6}.Debug|Any CPU.ActiveCfg = Debug|Any CPU
		{40D27E8B-8EC7-4A9F-BE8A-B45D5B4F32D6}.Debug|Any CPU.Build.0 = Debug|Any CPU
		{40D27E8B-8EC7-4A9F-BE8A-B45D5B4F32D6}.Release|Any CPU.ActiveCfg = Release|Any CPU
		{40D27E8B-8EC7-4A9F-BE8A-B45D5B4F32D6}.Release|Any CPU.Build.0 = Release|Any CPU
	EndGlobalSection
	GlobalSection(SolutionProperties) = preSolution
		HideSolutionNode = FALSE
	EndGlobalSection
	GlobalSection(ExtensibilityGlobals) = postSolution
		SolutionGuid = {95684F9E-A09B-4FE9-AB2D-13FFEA057523}
	EndGlobalSection
EndGlobal
